// !$*UTF8*$!
{
	archiveVersion = 1;
	classes = {
	};
	objectVersion = 55;
	objects = {

/* Begin PBXBuildFile section */
		2D2BE4CF29863E72009140E0 /* MSCS722_PittareddyApp.swift in Sources */ = {isa = PBXBuildFile; fileRef = 2D2BE4CE29863E72009140E0 /* MSCS722_PittareddyApp.swift */; };
		2D2BE4D129863E72009140E0 /* ContentView.swift in Sources */ = {isa = PBXBuildFile; fileRef = 2D2BE4D029863E72009140E0 /* ContentView.swift */; };
		2D2BE4D329863E73009140E0 /* Assets.xcassets in Resources */ = {isa = PBXBuildFile; fileRef = 2D2BE4D229863E73009140E0 /* Assets.xcassets */; };
		2D2BE4D629863E73009140E0 /* Preview Assets.xcassets in Resources */ = {isa = PBXBuildFile; fileRef = 2D2BE4D529863E73009140E0 /* Preview Assets.xcassets */; };
		2D2BE4E029863E74009140E0 /* MSCS722_PittareddyTests.swift in Sources */ = {isa = PBXBuildFile; fileRef = 2D2BE4DF29863E74009140E0 /* MSCS722_PittareddyTests.swift */; };
		2D2BE4EA29863E74009140E0 /* MSCS722_PittareddyUITests.swift in Sources */ = {isa = PBXBuildFile; fileRef = 2D2BE4E929863E74009140E0 /* MSCS722_PittareddyUITests.swift */; };
		2D2BE4EC29863E74009140E0 /* MSCS722_PittareddyUITestsLaunchTests.swift in Sources */ = {isa = PBXBuildFile; fileRef = 2D2BE4EB29863E74009140E0 /* MSCS722_PittareddyUITestsLaunchTests.swift */; };
/* End PBXBuildFile section */

/* Begin PBXContainerItemProxy section */
		2D2BE4DC29863E74009140E0 /* PBXContainerItemProxy */ = {
			isa = PBXContainerItemProxy;
			containerPortal = 2D2BE4C329863E72009140E0 /* Project object */;
			proxyType = 1;
			remoteGlobalIDString = 2D2BE4CA29863E72009140E0;
			remoteInfo = "MSCS722-Pittareddy";
		};
		2D2BE4E629863E74009140E0 /* PBXContainerItemProxy */ = {
			isa = PBXContainerItemProxy;
			containerPortal = 2D2BE4C329863E72009140E0 /* Project object */;
			proxyType = 1;
			remoteGlobalIDString = 2D2BE4CA29863E72009140E0;
			remoteInfo = "MSCS722-Pittareddy";
		};
/* End PBXContainerItemProxy section */

/* Begin PBXFileReference section */
		2D2BE4CB29863E72009140E0 /* MSCS722-Pittareddy.app */ = {isa = PBXFileReference; explicitFileType = wrapper.application; includeInIndex = 0; path = "MSCS722-Pittareddy.app"; sourceTree = BUILT_PRODUCTS_DIR; };
		2D2BE4CE29863E72009140E0 /* MSCS722_PittareddyApp.swift */ = {isa = PBXFileReference; lastKnownFileType = sourcecode.swift; path = MSCS722_PittareddyApp.swift; sourceTree = "<group>"; };
		2D2BE4D029863E72009140E0 /* ContentView.swift */ = {isa = PBXFileReference; lastKnownFileType = sourcecode.swift; path = ContentView.swift; sourceTree = "<group>"; };
		2D2BE4D229863E73009140E0 /* Assets.xcassets */ = {isa = PBXFileReference; lastKnownFileType = folder.assetcatalog; path = Assets.xcassets; sourceTree = "<group>"; };
		2D2BE4D529863E73009140E0 /* Preview Assets.xcassets */ = {isa = PBXFileReference; lastKnownFileType = folder.assetcatalog; path = "Preview Assets.xcassets"; sourceTree = "<group>"; };
		2D2BE4DB29863E74009140E0 /* MSCS722-PittareddyTests.xctest */ = {isa = PBXFileReference; explicitFileType = wrapper.cfbundle; includeInIndex = 0; path = "MSCS722-PittareddyTests.xctest"; sourceTree = BUILT_PRODUCTS_DIR; };
		2D2BE4DF29863E74009140E0 /* MSCS722_PittareddyTests.swift */ = {isa = PBXFileReference; lastKnownFileType = sourcecode.swift; path = MSCS722_PittareddyTests.swift; sourceTree = "<group>"; };
		2D2BE4E529863E74009140E0 /* MSCS722-PittareddyUITests.xctest */ = {isa = PBXFileReference; explicitFileType = wrapper.cfbundle; includeInIndex = 0; path = "MSCS722-PittareddyUITests.xctest"; sourceTree = BUILT_PRODUCTS_DIR; };
		2D2BE4E929863E74009140E0 /* MSCS722_PittareddyUITests.swift */ = {isa = PBXFileReference; lastKnownFileType = sourcecode.swift; path = MSCS722_PittareddyUITests.swift; sourceTree = "<group>"; };
		2D2BE4EB29863E74009140E0 /* MSCS722_PittareddyUITestsLaunchTests.swift */ = {isa = PBXFileReference; lastKnownFileType = sourcecode.swift; path = MSCS722_PittareddyUITestsLaunchTests.swift; sourceTree = "<group>"; };
/* End PBXFileReference section */

/* Begin PBXFrameworksBuildPhase section */
		2D2BE4C829863E72009140E0 /* Frameworks */ = {
			isa = PBXFrameworksBuildPhase;
			buildActionMask = 2147483647;
			files = (
			);
			runOnlyForDeploymentPostprocessing = 0;
		};
		2D2BE4D829863E74009140E0 /* Frameworks */ = {
			isa = PBXFrameworksBuildPhase;
			buildActionMask = 2147483647;
			files = (
			);
			runOnlyForDeploymentPostprocessing = 0;
		};
		2D2BE4E229863E74009140E0 /* Frameworks */ = {
			isa = PBXFrameworksBuildPhase;
			buildActionMask = 2147483647;
			files = (
			);
			runOnlyForDeploymentPostprocessing = 0;
		};
/* End PBXFrameworksBuildPhase section */

/* Begin PBXGroup section */
		2D2BE4C229863E72009140E0 = {
			isa = PBXGroup;
			children = (
				2D2BE4CD29863E72009140E0 /* MSCS722-Pittareddy */,
				2D2BE4DE29863E74009140E0 /* MSCS722-PittareddyTests */,
				2D2BE4E829863E74009140E0 /* MSCS722-PittareddyUITests */,
				2D2BE4CC29863E72009140E0 /* Products */,
			);
			sourceTree = "<group>";
		};
		2D2BE4CC29863E72009140E0 /* Products */ = {
			isa = PBXGroup;
			children = (
				2D2BE4CB29863E72009140E0 /* MSCS722-Pittareddy.app */,
				2D2BE4DB29863E74009140E0 /* MSCS722-PittareddyTests.xctest */,
				2D2BE4E529863E74009140E0 /* MSCS722-PittareddyUITests.xctest */,
			);
			name = Products;
			sourceTree = "<group>";
		};
		2D2BE4CD29863E72009140E0 /* MSCS722-Pittareddy */ = {
			isa = PBXGroup;
			children = (
				2D2BE4CE29863E72009140E0 /* MSCS722_PittareddyApp.swift */,
				2D2BE4D029863E72009140E0 /* ContentView.swift */,
				2D2BE4D229863E73009140E0 /* Assets.xcassets */,
				2D2BE4D429863E73009140E0 /* Preview Content */,
			);
			path = "MSCS722-Pittareddy";
			sourceTree = "<group>";
		};
		2D2BE4D429863E73009140E0 /* Preview Content */ = {
			isa = PBXGroup;
			children = (
				2D2BE4D529863E73009140E0 /* Preview Assets.xcassets */,
			);
			path = "Preview Content";
			sourceTree = "<group>";
		};
		2D2BE4DE29863E74009140E0 /* MSCS722-PittareddyTests */ = {
			isa = PBXGroup;
			children = (
				2D2BE4DF29863E74009140E0 /* MSCS722_PittareddyTests.swift */,
			);
			path = "MSCS722-PittareddyTests";
			sourceTree = "<group>";
		};
		2D2BE4E829863E74009140E0 /* MSCS722-PittareddyUITests */ = {
			isa = PBXGroup;
			children = (
				2D2BE4E929863E74009140E0 /* MSCS722_PittareddyUITests.swift */,
				2D2BE4EB29863E74009140E0 /* MSCS722_PittareddyUITestsLaunchTests.swift */,
			);
			path = "MSCS722-PittareddyUITests";
			sourceTree = "<group>";
		};
/* End PBXGroup section */

/* Begin PBXNativeTarget section */
		2D2BE4CA29863E72009140E0 /* MSCS722-Pittareddy */ = {
			isa = PBXNativeTarget;
			buildConfigurationList = 2D2BE4EF29863E74009140E0 /* Build configuration list for PBXNativeTarget "MSCS722-Pittareddy" */;
			buildPhases = (
				2D2BE4C729863E72009140E0 /* Sources */,
				2D2BE4C829863E72009140E0 /* Frameworks */,
				2D2BE4C929863E72009140E0 /* Resources */,
			);
			buildRules = (
			);
			dependencies = (
			);
			name = "MSCS722-Pittareddy";
			productName = "MSCS722-Pittareddy";
			productReference = 2D2BE4CB29863E72009140E0 /* MSCS722-Pittareddy.app */;
			productType = "com.apple.product-type.application";
		};
		2D2BE4DA29863E74009140E0 /* MSCS722-PittareddyTests */ = {
			isa = PBXNativeTarget;
			buildConfigurationList = 2D2BE4F229863E74009140E0 /* Build configuration list for PBXNativeTarget "MSCS722-PittareddyTests" */;
			buildPhases = (
				2D2BE4D729863E74009140E0 /* Sources */,
				2D2BE4D829863E74009140E0 /* Frameworks */,
				2D2BE4D929863E74009140E0 /* Resources */,
			);
			buildRules = (
			);
			dependencies = (
				2D2BE4DD29863E74009140E0 /* PBXTargetDependency */,
			);
			name = "MSCS722-PittareddyTests";
			productName = "MSCS722-PittareddyTests";
			productReference = 2D2BE4DB29863E74009140E0 /* MSCS722-PittareddyTests.xctest */;
			productType = "com.apple.product-type.bundle.unit-test";
		};
		2D2BE4E429863E74009140E0 /* MSCS722-PittareddyUITests */ = {
			isa = PBXNativeTarget;
			buildConfigurationList = 2D2BE4F529863E74009140E0 /* Build configuration list for PBXNativeTarget "MSCS722-PittareddyUITests" */;
			buildPhases = (
				2D2BE4E129863E74009140E0 /* Sources */,
				2D2BE4E229863E74009140E0 /* Frameworks */,
				2D2BE4E329863E74009140E0 /* Resources */,
			);
			buildRules = (
			);
			dependencies = (
				2D2BE4E729863E74009140E0 /* PBXTargetDependency */,
			);
			name = "MSCS722-PittareddyUITests";
			productName = "MSCS722-PittareddyUITests";
			productReference = 2D2BE4E529863E74009140E0 /* MSCS722-PittareddyUITests.xctest */;
			productType = "com.apple.product-type.bundle.ui-testing";
		};
/* End PBXNativeTarget section */

/* Begin PBXProject section */
		2D2BE4C329863E72009140E0 /* Project object */ = {
			isa = PBXProject;
			attributes = {
				BuildIndependentTargetsInParallel = 1;
				LastSwiftUpdateCheck = 1340;
				LastUpgradeCheck = 1340;
				TargetAttributes = {
					2D2BE4CA29863E72009140E0 = {
						CreatedOnToolsVersion = 13.4.1;
					};
					2D2BE4DA29863E74009140E0 = {
						CreatedOnToolsVersion = 13.4.1;
						TestTargetID = 2D2BE4CA29863E72009140E0;
					};
					2D2BE4E429863E74009140E0 = {
						CreatedOnToolsVersion = 13.4.1;
						TestTargetID = 2D2BE4CA29863E72009140E0;
					};
				};
			};
			buildConfigurationList = 2D2BE4C629863E72009140E0 /* Build configuration list for PBXProject "MSCS722-Pittareddy" */;
			compatibilityVersion = "Xcode 13.0";
			developmentRegion = en;
			hasScannedForEncodings = 0;
			knownRegions = (
				en,
				Base,
			);
			mainGroup = 2D2BE4C229863E72009140E0;
			productRefGroup = 2D2BE4CC29863E72009140E0 /* Products */;
			projectDirPath = "";
			projectRoot = "";
			targets = (
				2D2BE4CA29863E72009140E0 /* MSCS722-Pittareddy */,
				2D2BE4DA29863E74009140E0 /* MSCS722-PittareddyTests */,
				2D2BE4E429863E74009140E0 /* MSCS722-PittareddyUITests */,
			);
		};
/* End PBXProject section */

/* Begin PBXResourcesBuildPhase section */
		2D2BE4C929863E72009140E0 /* Resources */ = {
			isa = PBXResourcesBuildPhase;
			buildActionMask = 2147483647;
			files = (
				2D2BE4D629863E73009140E0 /* Preview Assets.xcassets in Resources */,
				2D2BE4D329863E73009140E0 /* Assets.xcassets in Resources */,
			);
			runOnlyForDeploymentPostprocessing = 0;
		};
		2D2BE4D929863E74009140E0 /* Resources */ = {
			isa = PBXResourcesBuildPhase;
			buildActionMask = 2147483647;
			files = (
			);
			runOnlyForDeploymentPostprocessing = 0;
		};
		2D2BE4E329863E74009140E0 /* Resources */ = {
			isa = PBXResourcesBuildPhase;
			buildActionMask = 2147483647;
			files = (
			);
			runOnlyForDeploymentPostprocessing = 0;
		};
/* End PBXResourcesBuildPhase section */

/* Begin PBXSourcesBuildPhase section */
		2D2BE4C729863E72009140E0 /* Sources */ = {
			isa = PBXSourcesBuildPhase;
			buildActionMask = 2147483647;
			files = (
				2D2BE4D129863E72009140E0 /* ContentView.swift in Sources */,
				2D2BE4CF29863E72009140E0 /* MSCS722_PittareddyApp.swift in Sources */,
			);
			runOnlyForDeploymentPostprocessing = 0;
		};
		2D2BE4D729863E74009140E0 /* Sources */ = {
			isa = PBXSourcesBuildPhase;
			buildActionMask = 2147483647;
			files = (
				2D2BE4E029863E74009140E0 /* MSCS722_PittareddyTests.swift in Sources */,
			);
			runOnlyForDeploymentPostprocessing = 0;
		};
		2D2BE4E129863E74009140E0 /* Sources */ = {
			isa = PBXSourcesBuildPhase;
			buildActionMask = 2147483647;
			files = (
				2D2BE4EC29863E74009140E0 /* MSCS722_PittareddyUITestsLaunchTests.swift in Sources */,
				2D2BE4EA29863E74009140E0 /* MSCS722_PittareddyUITests.swift in Sources */,
			);
			runOnlyForDeploymentPostprocessing = 0;
		};
/* End PBXSourcesBuildPhase section */

/* Begin PBXTargetDependency section */
		2D2BE4DD29863E74009140E0 /* PBXTargetDependency */ = {
			isa = PBXTargetDependency;
			target = 2D2BE4CA29863E72009140E0 /* MSCS722-Pittareddy */;
			targetProxy = 2D2BE4DC29863E74009140E0 /* PBXContainerItemProxy */;
		};
		2D2BE4E729863E74009140E0 /* PBXTargetDependency */ = {
			isa = PBXTargetDependency;
			target = 2D2BE4CA29863E72009140E0 /* MSCS722-Pittareddy */;
			targetProxy = 2D2BE4E629863E74009140E0 /* PBXContainerItemProxy */;
		};
/* End PBXTargetDependency section */

/* Begin XCBuildConfiguration section */
		2D2BE4ED29863E74009140E0 /* Debug */ = {
			isa = XCBuildConfiguration;
			buildSettings = {
				ALWAYS_SEARCH_USER_PATHS = NO;
				CLANG_ANALYZER_NONNULL = YES;
				CLANG_ANALYZER_NUMBER_OBJECT_CONVERSION = YES_AGGRESSIVE;
				CLANG_CXX_LANGUAGE_STANDARD = "gnu++17";
				CLANG_ENABLE_MODULES = YES;
				CLANG_ENABLE_OBJC_ARC = YES;
				CLANG_ENABLE_OBJC_WEAK = YES;
				CLANG_WARN_BLOCK_CAPTURE_AUTORELEASING = YES;
				CLANG_WARN_BOOL_CONVERSION = YES;
				CLANG_WARN_COMMA = YES;
				CLANG_WARN_CONSTANT_CONVERSION = YES;
				CLANG_WARN_DEPRECATED_OBJC_IMPLEMENTATIONS = YES;
				CLANG_WARN_DIRECT_OBJC_ISA_USAGE = YES_ERROR;
				CLANG_WARN_DOCUMENTATION_COMMENTS = YES;
				CLANG_WARN_EMPTY_BODY = YES;
				CLANG_WARN_ENUM_CONVERSION = YES;
				CLANG_WARN_INFINITE_RECURSION = YES;
				CLANG_WARN_INT_CONVERSION = YES;
				CLANG_WARN_NON_LITERAL_NULL_CONVERSION = YES;
				CLANG_WARN_OBJC_IMPLICIT_RETAIN_SELF = YES;
				CLANG_WARN_OBJC_LITERAL_CONVERSION = YES;
				CLANG_WARN_OBJC_ROOT_CLASS = YES_ERROR;
				CLANG_WARN_QUOTED_INCLUDE_IN_FRAMEWORK_HEADER = YES;
				CLANG_WARN_RANGE_LOOP_ANALYSIS = YES;
				CLANG_WARN_STRICT_PROTOTYPES = YES;
				CLANG_WARN_SUSPICIOUS_MOVE = YES;
				CLANG_WARN_UNGUARDED_AVAILABILITY = YES_AGGRESSIVE;
				CLANG_WARN_UNREACHABLE_CODE = YES;
				CLANG_WARN__DUPLICATE_METHOD_MATCH = YES;
				COPY_PHASE_STRIP = NO;
				DEBUG_INFORMATION_FORMAT = dwarf;
				ENABLE_STRICT_OBJC_MSGSEND = YES;
				ENABLE_TESTABILITY = YES;
				GCC_C_LANGUAGE_STANDARD = gnu11;
				GCC_DYNAMIC_NO_PIC = NO;
				GCC_NO_COMMON_BLOCKS = YES;
				GCC_OPTIMIZATION_LEVEL = 0;
				GCC_PREPROCESSOR_DEFINITIONS = (
					"DEBUG=1",
					"$(inherited)",
				);
				GCC_WARN_64_TO_32_BIT_CONVERSION = YES;
				GCC_WARN_ABOUT_RETURN_TYPE = YES_ERROR;
				GCC_WARN_UNDECLARED_SELECTOR = YES;
				GCC_WARN_UNINITIALIZED_AUTOS = YES_AGGRESSIVE;
				GCC_WARN_UNUSED_FUNCTION = YES;
				GCC_WARN_UNUSED_VARIABLE = YES;
				IPHONEOS_DEPLOYMENT_TARGET = 15.5;
				MTL_ENABLE_DEBUG_INFO = INCLUDE_SOURCE;
				MTL_FAST_MATH = YES;
				ONLY_ACTIVE_ARCH = YES;
				SDKROOT = iphoneos;
				SWIFT_ACTIVE_COMPILATION_CONDITIONS = DEBUG;
				SWIFT_OPTIMIZATION_LEVEL = "-Onone";
			};
			name = Debug;
		};
		2D2BE4EE29863E74009140E0 /* Release */ = {
			isa = XCBuildConfiguration;
			buildSettings = {
				ALWAYS_SEARCH_USER_PATHS = NO;
				CLANG_ANALYZER_NONNULL = YES;
				CLANG_ANALYZER_NUMBER_OBJECT_CONVERSION = YES_AGGRESSIVE;
				CLANG_CXX_LANGUAGE_STANDARD = "gnu++17";
				CLANG_ENABLE_MODULES = YES;
				CLANG_ENABLE_OBJC_ARC = YES;
				CLANG_ENABLE_OBJC_WEAK = YES;
				CLANG_WARN_BLOCK_CAPTURE_AUTORELEASING = YES;
				CLANG_WARN_BOOL_CONVERSION = YES;
				CLANG_WARN_COMMA = YES;
				CLANG_WARN_CONSTANT_CONVERSION = YES;
				CLANG_WARN_DEPRECATED_OBJC_IMPLEMENTATIONS = YES;
				CLANG_WARN_DIRECT_OBJC_ISA_USAGE = YES_ERROR;
				CLANG_WARN_DOCUMENTATION_COMMENTS = YES;
				CLANG_WARN_EMPTY_BODY = YES;
				CLANG_WARN_ENUM_CONVERSION = YES;
				CLANG_WARN_INFINITE_RECURSION = YES;
				CLANG_WARN_INT_CONVERSION = YES;
				CLANG_WARN_NON_LITERAL_NULL_CONVERSION = YES;
				CLANG_WARN_OBJC_IMPLICIT_RETAIN_SELF = YES;
				CLANG_WARN_OBJC_LITERAL_CONVERSION = YES;
				CLANG_WARN_OBJC_ROOT_CLASS = YES_ERROR;
				CLANG_WARN_QUOTED_INCLUDE_IN_FRAMEWORK_HEADER = YES;
				CLANG_WARN_RANGE_LOOP_ANALYSIS = YES;
				CLANG_WARN_STRICT_PROTOTYPES = YES;
				CLANG_WARN_SUSPICIOUS_MOVE = YES;
				CLANG_WARN_UNGUARDED_AVAILABILITY = YES_AGGRESSIVE;
				CLANG_WARN_UNREACHABLE_CODE = YES;
				CLANG_WARN__DUPLICATE_METHOD_MATCH = YES;
				COPY_PHASE_STRIP = NO;
				DEBUG_INFORMATION_FORMAT = "dwarf-with-dsym";
				ENABLE_NS_ASSERTIONS = NO;
				ENABLE_STRICT_OBJC_MSGSEND = YES;
				GCC_C_LANGUAGE_STANDARD = gnu11;
				GCC_NO_COMMON_BLOCKS = YES;
				GCC_WARN_64_TO_32_BIT_CONVERSION = YES;
				GCC_WARN_ABOUT_RETURN_TYPE = YES_ERROR;
				GCC_WARN_UNDECLARED_SELECTOR = YES;
				GCC_WARN_UNINITIALIZED_AUTOS = YES_AGGRESSIVE;
				GCC_WARN_UNUSED_FUNCTION = YES;
				GCC_WARN_UNUSED_VARIABLE = YES;
				IPHONEOS_DEPLOYMENT_TARGET = 15.5;
				MTL_ENABLE_DEBUG_INFO = NO;
				MTL_FAST_MATH = YES;
				SDKROOT = iphoneos;
				SWIFT_COMPILATION_MODE = wholemodule;
				SWIFT_OPTIMIZATION_LEVEL = "-O";
				VALIDATE_PRODUCT = YES;
			};
			name = Release;
		};
		2D2BE4F029863E74009140E0 /* Debug */ = {
			isa = XCBuildConfiguration;
			buildSettings = {
				ASSETCATALOG_COMPILER_APPICON_NAME = AppIcon;
				ASSETCATALOG_COMPILER_GLOBAL_ACCENT_COLOR_NAME = AccentColor;
				CODE_SIGN_STYLE = Automatic;
				CURRENT_PROJECT_VERSION = 1;
				DEVELOPMENT_ASSET_PATHS = "\"MSCS722-Pittareddy/Preview Content\"";
				ENABLE_PREVIEWS = YES;
				GENERATE_INFOPLIST_FILE = YES;
				INFOPLIST_KEY_UIApplicationSceneManifest_Generation = YES;
				INFOPLIST_KEY_UIApplicationSupportsIndirectInputEvents = YES;
				INFOPLIST_KEY_UILaunchScreen_Generation = YES;
				INFOPLIST_KEY_UISupportedInterfaceOrientations_iPad = "UIInterfaceOrientationPortrait UIInterfaceOrientationPortraitUpsideDown UIInterfaceOrientationLandscapeLeft UIInterfaceOrientationLandscapeRight";
				INFOPLIST_KEY_UISupportedInterfaceOrientations_iPhone = "UIInterfaceOrientationPortrait UIInterfaceOrientationLandscapeLeft UIInterfaceOrientationLandscapeRight";
				LD_RUNPATH_SEARCH_PATHS = (
					"$(inherited)",
					"@executable_path/Frameworks",
				);
				MARKETING_VERSION = 1.0;
				PRODUCT_BUNDLE_IDENTIFIER = "edu.marist.mscs722.EnterpriseMobile.MSCS722-Pittareddy";
				PRODUCT_NAME = "$(TARGET_NAME)";
				SWIFT_EMIT_LOC_STRINGS = YES;
				SWIFT_VERSION = 5.0;
				TARGETED_DEVICE_FAMILY = "1,2";
			};
			name = Debug;
		};
		2D2BE4F129863E74009140E0 /* Release */ = {
			isa = XCBuildConfiguration;
			buildSettings = {
				ASSETCATALOG_COMPILER_APPICON_NAME = AppIcon;
				ASSETCATALOG_COMPILER_GLOBAL_ACCENT_COLOR_NAME = AccentColor;
				CODE_SIGN_STYLE = Automatic;
				CURRENT_PROJECT_VERSION = 1;
				DEVELOPMENT_ASSET_PATHS = "\"MSCS722-Pittareddy/Preview Content\"";
				ENABLE_PREVIEWS = YES;
				GENERATE_INFOPLIST_FILE = YES;
				INFOPLIST_KEY_UIApplicationSceneManifest_Generation = YES;
				INFOPLIST_KEY_UIApplicationSupportsIndirectInputEvents = YES;
				INFOPLIST_KEY_UILaunchScreen_Generation = YES;
				INFOPLIST_KEY_UISupportedInterfaceOrientations_iPad = "UIInterfaceOrientationPortrait UIInterfaceOrientationPortraitUpsideDown UIInterfaceOrientationLandscapeLeft UIInterfaceOrientationLandscapeRight";
				INFOPLIST_KEY_UISupportedInterfaceOrientations_iPhone = "UIInterfaceOrientationPortrait UIInterfaceOrientationLandscapeLeft UIInterfaceOrientationLandscapeRight";
				LD_RUNPATH_SEARCH_PATHS = (
					"$(inherited)",
					"@executable_path/Frameworks",
				);
				MARKETING_VERSION = 1.0;
				PRODUCT_BUNDLE_IDENTIFIER = "edu.marist.mscs722.EnterpriseMobile.MSCS722-Pittareddy";
				PRODUCT_NAME = "$(TARGET_NAME)";
				SWIFT_EMIT_LOC_STRINGS = YES;
				SWIFT_VERSION = 5.0;
				TARGETED_DEVICE_FAMILY = "1,2";
			};
			name = Release;
		};
		2D2BE4F329863E74009140E0 /* Debug */ = {
			isa = XCBuildConfiguration;
			buildSettings = {
				ALWAYS_EMBED_SWIFT_STANDARD_LIBRARIES = YES;
				BUNDLE_LOADER = "$(TEST_HOST)";
				CODE_SIGN_STYLE = Automatic;
				CURRENT_PROJECT_VERSION = 1;
				GENERATE_INFOPLIST_FILE = YES;
				IPHONEOS_DEPLOYMENT_TARGET = 15.5;
				MARKETING_VERSION = 1.0;
				PRODUCT_BUNDLE_IDENTIFIER = "edu.marist.mscs722.EnterpriseMobile.MSCS722-PittareddyTests";
				PRODUCT_NAME = "$(TARGET_NAME)";
				SWIFT_EMIT_LOC_STRINGS = NO;
				SWIFT_VERSION = 5.0;
				TARGETED_DEVICE_FAMILY = "1,2";
				TEST_HOST = "$(BUILT_PRODUCTS_DIR)/MSCS722-Pittareddy.app/MSCS722-Pittareddy";
			};
			name = Debug;
		};
		2D2BE4F429863E74009140E0 /* Release */ = {
			isa = XCBuildConfiguration;
			buildSettings = {
				ALWAYS_EMBED_SWIFT_STANDARD_LIBRARIES = YES;
				BUNDLE_LOADER = "$(TEST_HOST)";
				CODE_SIGN_STYLE = Automatic;
				CURRENT_PROJECT_VERSION = 1;
				GENERATE_INFOPLIST_FILE = YES;
				IPHONEOS_DEPLOYMENT_TARGET = 15.5;
				MARKETING_VERSION = 1.0;
				PRODUCT_BUNDLE_IDENTIFIER = "edu.marist.mscs722.EnterpriseMobile.MSCS722-PittareddyTests";
				PRODUCT_NAME = "$(TARGET_NAME)";
				SWIFT_EMIT_LOC_STRINGS = NO;
				SWIFT_VERSION = 5.0;
				TARGETED_DEVICE_FAMILY = "1,2";
				TEST_HOST = "$(BUILT_PRODUCTS_DIR)/MSCS722-Pittareddy.app/MSCS722-Pittareddy";
			};
			name = Release;
		};
		2D2BE4F629863E74009140E0 /* Debug */ = {
			isa = XCBuildConfiguration;
			buildSettings = {
				ALWAYS_EMBED_SWIFT_STANDARD_LIBRARIES = YES;
				CODE_SIGN_STYLE = Automatic;
				CURRENT_PROJECT_VERSION = 1;
				GENERATE_INFOPLIST_FILE = YES;
				MARKETING_VERSION = 1.0;
				PRODUCT_BUNDLE_IDENTIFIER = "edu.marist.mscs722.EnterpriseMobile.MSCS722-PittareddyUITests";
				PRODUCT_NAME = "$(TARGET_NAME)";
				SWIFT_EMIT_LOC_STRINGS = NO;
				SWIFT_VERSION = 5.0;
				TARGETED_DEVICE_FAMILY = "1,2";
				TEST_TARGET_NAME = "MSCS722-Pittareddy";
			};
			name = Debug;
		};
		2D2BE4F729863E74009140E0 /* Release */ = {
			isa = XCBuildConfiguration;
			buildSettings = {
				ALWAYS_EMBED_SWIFT_STANDARD_LIBRARIES = YES;
				CODE_SIGN_STYLE = Automatic;
				CURRENT_PROJECT_VERSION = 1;
				GENERATE_INFOPLIST_FILE = YES;
				MARKETING_VERSION = 1.0;
				PRODUCT_BUNDLE_IDENTIFIER = "edu.marist.mscs722.EnterpriseMobile.MSCS722-PittareddyUITests";
				PRODUCT_NAME = "$(TARGET_NAME)";
				SWIFT_EMIT_LOC_STRINGS = NO;
				SWIFT_VERSION = 5.0;
				TARGETED_DEVICE_FAMILY = "1,2";
				TEST_TARGET_NAME = "MSCS722-Pittareddy";
			};
			name = Release;
		};
/* End XCBuildConfiguration section */

/* Begin XCConfigurationList section */
		2D2BE4C629863E72009140E0 /* Build configuration list for PBXProject "MSCS722-Pittareddy" */ = {
			isa = XCConfigurationList;
			buildConfigurations = (
				2D2BE4ED29863E74009140E0 /* Debug */,
				2D2BE4EE29863E74009140E0 /* Release */,
			);
			defaultConfigurationIsVisible = 0;
			defaultConfigurationName = Release;
		};
		2D2BE4EF29863E74009140E0 /* Build configuration list for PBXNativeTarget "MSCS722-Pittareddy" */ = {
			isa = XCConfigurationList;
			buildConfigurations = (
				2D2BE4F029863E74009140E0 /* Debug */,
				2D2BE4F129863E74009140E0 /* Release */,
			);
			defaultConfigurationIsVisible = 0;
			defaultConfigurationName = Release;
		};
		2D2BE4F229863E74009140E0 /* Build configuration list for PBXNativeTarget "MSCS722-PittareddyTests" */ = {
			isa = XCConfigurationList;
			buildConfigurations = (
				2D2BE4F329863E74009140E0 /* Debug */,
				2D2BE4F429863E74009140E0 /* Release */,
			);
			defaultConfigurationIsVisible = 0;
			defaultConfigurationName = Release;
		};
		2D2BE4F529863E74009140E0 /* Build configuration list for PBXNativeTarget "MSCS722-PittareddyUITests" */ = {
			isa = XCConfigurationList;
			buildConfigurations = (
				2D2BE4F629863E74009140E0 /* Debug */,
				2D2BE4F729863E74009140E0 /* Release */,
			);
			defaultConfigurationIsVisible = 0;
			defaultConfigurationName = Release;
		};
/* End XCConfigurationList section */
	};
	rootObject = 2D2BE4C329863E72009140E0 /* Project object */;
}
